
Microsoft Visual Studio Solution File, Format Version 12.00
# Visual Studio 15
VisualStudioVersion = 15.0.26730.3
MinimumVisualStudioVersion = 10.0.40219.1
Project("{888888A0-9F3D-457C-B088-3A5042F75D52}") = "ImageSizeResizer", "ImageSizeResizer\ImageSizeResizer.pyproj", "{791C3383-39B0-47EC-BC55-135EAFB5B66C}"
EndProject
Global
	GlobalSection(SolutionConfigurationPlatforms) = preSolution
		Debug|Any CPU = Debug|Any CPU
		Release|Any CPU = Release|Any CPU
	EndGlobalSection
	GlobalSection(ProjectConfigurationPlatforms) = postSolution
		{791C3383-39B0-47EC-BC55-135EAFB5B66C}.Debug|Any CPU.ActiveCfg = Debug|Any CPU
		{791C3383-39B0-47EC-BC55-135EAFB5B66C}.Release|Any CPU.ActiveCfg = Release|Any CPU
	EndGlobalSection
	GlobalSection(SolutionProperties) = preSolution
		HideSolutionNode = FALSE
	EndGlobalSection
	GlobalSection(ExtensibilityGlobals) = postSolution
		SolutionGuid = {5C4AB8AD-ACDF-44DB-A95A-FE279464F6AA}
	EndGlobalSection
EndGlobal
